
Microsoft Visual Studio Solution File, Format Version 12.00
# Visual Studio 15
VisualStudioVersion = 15.0.26430.6
MinimumVisualStudioVersion = 10.0.40219.1
Project("{FAE04EC0-301F-11D3-BF4B-00C04F79EFBC}") = "ClientMainServiceAPI", "ClientMainServiceAPI\ClientMainServiceAPI.csproj", "{A7C4EBF2-3982-41F0-BB09-286E826C672C}"
EndProject
Project("{FAE04EC0-301F-11D3-BF4B-00C04F79EFBC}") = "ClientMainServiceAPI.Tests", "ClientMainServiceAPI.Tests\ClientMainServiceAPI.Tests.csproj", "{EBD8B53E-9B87-4BEA-BFCF-1B5293945748}"
EndProject
Project("{FAE04EC0-301F-11D3-BF4B-00C04F79EFBC}") = "ClientMainServiceAPI.Domain", "ClientMainServiceAPI.Domain\ClientMainServiceAPI.Domain.csproj", "{4D7A7127-6D0E-4863-BBCC-014ECDF39485}"
EndProject
Project("{FAE04EC0-301F-11D3-BF4B-00C04F79EFBC}") = "ClientMainServiceAPI.Model", "ClientMainServiceAPI.Model\ClientMainServiceAPI.Model.csproj", "{C7CE2088-8912-495A-823F-A7111846F28C}"
EndProject
Project("{FAE04EC0-301F-11D3-BF4B-00C04F79EFBC}") = "ClientMainServiceAPI.Controller", "ClientMainServiceAPI.Controller\ClientMainServiceAPI.Controller.csproj", "{CE41354C-29E4-442D-AF5D-A437BC2313A5}"
EndProject
Global
	GlobalSection(SolutionConfigurationPlatforms) = preSolution
		Debug|Any CPU = Debug|Any CPU
		Release|Any CPU = Release|Any CPU
	EndGlobalSection
	GlobalSection(ProjectConfigurationPlatforms) = postSolution
		{A7C4EBF2-3982-41F0-BB09-286E826C672C}.Debug|Any CPU.ActiveCfg = Debug|Any CPU
		{A7C4EBF2-3982-41F0-BB09-286E826C672C}.Debug|Any CPU.Build.0 = Debug|Any CPU
		{A7C4EBF2-3982-41F0-BB09-286E826C672C}.Release|Any CPU.ActiveCfg = Release|Any CPU
		{A7C4EBF2-3982-41F0-BB09-286E826C672C}.Release|Any CPU.Build.0 = Release|Any CPU
		{EBD8B53E-9B87-4BEA-BFCF-1B5293945748}.Debug|Any CPU.ActiveCfg = Debug|Any CPU
		{EBD8B53E-9B87-4BEA-BFCF-1B5293945748}.Debug|Any CPU.Build.0 = Debug|Any CPU
		{EBD8B53E-9B87-4BEA-BFCF-1B5293945748}.Release|Any CPU.ActiveCfg = Release|Any CPU
		{EBD8B53E-9B87-4BEA-BFCF-1B5293945748}.Release|Any CPU.Build.0 = Release|Any CPU
		{4D7A7127-6D0E-4863-BBCC-014ECDF39485}.Debug|Any CPU.ActiveCfg = Debug|Any CPU
		{4D7A7127-6D0E-4863-BBCC-014ECDF39485}.Debug|Any CPU.Build.0 = Debug|Any CPU
		{4D7A7127-6D0E-4863-BBCC-014ECDF39485}.Release|Any CPU.ActiveCfg = Release|Any CPU
		{4D7A7127-6D0E-4863-BBCC-014ECDF39485}.Release|Any CPU.Build.0 = Release|Any CPU
		{C7CE2088-8912-495A-823F-A7111846F28C}.Debug|Any CPU.ActiveCfg = Debug|Any CPU
		{C7CE2088-8912-495A-823F-A7111846F28C}.Debug|Any CPU.Build.0 = Debug|Any CPU
		{C7CE2088-8912-495A-823F-A7111846F28C}.Release|Any CPU.ActiveCfg = Release|Any CPU
		{C7CE2088-8912-495A-823F-A7111846F28C}.Release|Any CPU.Build.0 = Release|Any CPU
		{CE41354C-29E4-442D-AF5D-A437BC2313A5}.Debug|Any CPU.ActiveCfg = Debug|Any CPU
		{CE41354C-29E4-442D-AF5D-A437BC2313A5}.Debug|Any CPU.Build.0 = Debug|Any CPU
		{CE41354C-29E4-442D-AF5D-A437BC2313A5}.Release|Any CPU.ActiveCfg = Release|Any CPU
		{CE41354C-29E4-442D-AF5D-A437BC2313A5}.Release|Any CPU.Build.0 = Release|Any CPU
	EndGlobalSection
	GlobalSection(SolutionProperties) = preSolution
		HideSolutionNode = FALSE
	EndGlobalSection
EndGlobal
